{
  "name": "cloud-6-repo-NederLANA",
  "lockfileVersion": 2,
  "requires": true,
  "packages": {
    "": {
      "dependencies": {
        "@aws-cdk/aws-applicationautoscaling": "^1.152.0",
        "@aws-cdk/cx-api": "^2.20.0"
      }
    },
    "node_modules/@aws-cdk/aws-applicationautoscaling": {
      "version": "1.152.0",
      "resolved": "https://registry.npmjs.org/@aws-cdk/aws-applicationautoscaling/-/aws-applicationautoscaling-1.152.0.tgz",
      "integrity": "sha512-u+dCWyE6pLCFc7h3DmUJf7C8+JAcbl65XG56vIxl3meQayJ01SMt2eaEFX9/I6f93V46N41lk0Hgmi+CX5SG8Q==",
      "dependencies": {
        "@aws-cdk/aws-autoscaling-common": "1.152.0",
        "@aws-cdk/aws-cloudwatch": "1.152.0",
        "@aws-cdk/aws-iam": "1.152.0",
        "@aws-cdk/core": "1.152.0",
        "constructs": "^3.3.69"
      },
      "engines": {
        "node": ">= 10.13.0 <13 || >=13.7.0"
      },
      "peerDependencies": {
        "@aws-cdk/aws-autoscaling-common": "1.152.0",
        "@aws-cdk/aws-cloudwatch": "1.152.0",
        "@aws-cdk/aws-iam": "1.152.0",
        "@aws-cdk/core": "1.152.0",
        "constructs": "^3.3.69"
      }
    },
    "node_modules/@aws-cdk/aws-autoscaling-common": {
      "version": "1.152.0",
      "resolved": "https://registry.npmjs.org/@aws-cdk/aws-autoscaling-common/-/aws-autoscaling-common-1.152.0.tgz",
      "integrity": "sha512-19l82uZC2DhoTBJdT8vR9XoO9U8lmOs3X4xFpdA7Sp+3nVEvly0Hkk2L0SZdhBuXfdlxjZ+nxdlsmAS8jzXLGg==",
      "dependencies": {
        "@aws-cdk/aws-iam": "1.152.0",
        "@aws-cdk/core": "1.152.0",
        "constructs": "^3.3.69"
      },
      "engines": {
        "node": ">= 10.13.0 <13 || >=13.7.0"
      },
      "peerDependencies": {
        "@aws-cdk/aws-iam": "1.152.0",
        "@aws-cdk/core": "1.152.0",
        "constructs": "^3.3.69"
      }
    },
    "node_modules/@aws-cdk/aws-cloudwatch": {
      "version": "1.152.0",
      "resolved": "https://registry.npmjs.org/@aws-cdk/aws-cloudwatch/-/aws-cloudwatch-1.152.0.tgz",
      "integrity": "sha512-qMKN2QPV1749/Lhj2cbhFyVoRmRxb6fmNzl/2R6hc62RCEUNHQzfIn0iz78sy1WCl0MaQWun+PBIL13S9hsssw==",
      "dependencies": {
        "@aws-cdk/aws-iam": "1.152.0",
        "@aws-cdk/core": "1.152.0",
        "constructs": "^3.3.69"
      },
      "engines": {
        "node": ">= 10.13.0 <13 || >=13.7.0"
      },
      "peerDependencies": {
        "@aws-cdk/aws-iam": "1.152.0",
        "@aws-cdk/core": "1.152.0",
        "constructs": "^3.3.69"
      }
    },
    "node_modules/@aws-cdk/aws-iam": {
      "version": "1.152.0",
      "resolved": "https://registry.npmjs.org/@aws-cdk/aws-iam/-/aws-iam-1.152.0.tgz",
      "integrity": "sha512-Nwi3DAhWyJE1SDnhYeutio/RnjzfrM5UguSLEeHDg8/r5pIg6297V7y4YhEgqNM3+CRLDu8KyuBXRxZp4ZixpQ==",
      "dependencies": {
        "@aws-cdk/core": "1.152.0",
        "@aws-cdk/cx-api": "1.152.0",
        "@aws-cdk/region-info": "1.152.0",
        "constructs": "^3.3.69"
      },
      "engines": {
        "node": ">= 10.13.0 <13 || >=13.7.0"
      },
      "peerDependencies": {
        "@aws-cdk/core": "1.152.0",
        "@aws-cdk/region-info": "1.152.0",
        "constructs": "^3.3.69"
      }
    },
    "node_modules/@aws-cdk/aws-iam/node_modules/@aws-cdk/cloud-assembly-schema": {
      "version": "1.152.0",
      "resolved": "https://registry.npmjs.org/@aws-cdk/cloud-assembly-schema/-/cloud-assembly-schema-1.152.0.tgz",
      "integrity": "sha512-DEb+760eRhTGsclAaLqWJijMPsl789/JR54qP83RHEkj4tYxy5s6LMIfCMLAvLTjAR23lzk+7/0OvHNwUHiMYw==",
      "bundleDependencies": [
        "jsonschema",
        "semver"
      ],
      "dependencies": {
        "jsonschema": "^1.4.0",
        "semver": "^7.3.5"
      },
      "engines": {
        "node": ">= 10.13.0 <13 || >=13.7.0"
      }
    },
    "node_modules/@aws-cdk/aws-iam/node_modules/@aws-cdk/cloud-assembly-schema/node_modules/jsonschema": {
      "version": "1.4.0",
      "inBundle": true,
      "license": "MIT",
      "engines": {
        "node": "*"
      }
    },
    "node_modules/@aws-cdk/aws-iam/node_modules/@aws-cdk/cloud-assembly-schema/node_modules/lru-cache": {
      "version": "6.0.0",
      "inBundle": true,
      "license": "ISC",
      "dependencies": {
        "yallist": "^4.0.0"
      },
      "engines": {
        "node": ">=10"
      }
    },
    "node_modules/@aws-cdk/aws-iam/node_modules/@aws-cdk/cloud-assembly-schema/node_modules/semver": {
      "version": "7.3.5",
      "inBundle": true,
      "license": "ISC",
      "dependencies": {
        "lru-cache": "^6.0.0"
      },
      "bin": {
        "semver": "bin/semver.js"
      },
      "engines": {
        "node": ">=10"
      }
    },
    "node_modules/@aws-cdk/aws-iam/node_modules/@aws-cdk/cloud-assembly-schema/node_modules/yallist": {
      "version": "4.0.0",
      "inBundle": true,
      "license": "ISC"
    },
    "node_modules/@aws-cdk/aws-iam/node_modules/@aws-cdk/cx-api": {
      "version": "1.152.0",
      "resolved": "https://registry.npmjs.org/@aws-cdk/cx-api/-/cx-api-1.152.0.tgz",
      "integrity": "sha512-v6oMPMUEZrg+hEB5rVlYlWugwHKVNsBWzvT+1Hl7h6SyadTSh08wby4uyzGk/mxWusk4NwW1FMaIYtsG5BNF4A==",
      "bundleDependencies": [
        "semver"
      ],
      "dependencies": {
        "@aws-cdk/cloud-assembly-schema": "1.152.0",
        "semver": "^7.3.5"
      },
      "engines": {
        "node": ">= 10.13.0 <13 || >=13.7.0"
      },
      "peerDependencies": {
        "@aws-cdk/cloud-assembly-schema": "1.152.0"
      }
    },
    "node_modules/@aws-cdk/aws-iam/node_modules/@aws-cdk/cx-api/node_modules/lru-cache": {
      "version": "6.0.0",
      "inBundle": true,
      "license": "ISC",
      "dependencies": {
        "yallist": "^4.0.0"
      },
      "engines": {
        "node": ">=10"
      }
    },
    "node_modules/@aws-cdk/aws-iam/node_modules/@aws-cdk/cx-api/node_modules/semver": {
      "version": "7.3.5",
      "inBundle": true,
      "license": "ISC",
      "dependencies": {
        "lru-cache": "^6.0.0"
      },
      "bin": {
        "semver": "bin/semver.js"
      },
      "engines": {
        "node": ">=10"
      }
    },
    "node_modules/@aws-cdk/aws-iam/node_modules/@aws-cdk/cx-api/node_modules/yallist": {
      "version": "4.0.0",
      "inBundle": true,
      "license": "ISC"
    },
    "node_modules/@aws-cdk/cloud-assembly-schema": {
      "version": "2.20.0",
      "resolved": "https://registry.npmjs.org/@aws-cdk/cloud-assembly-schema/-/cloud-assembly-schema-2.20.0.tgz",
      "integrity": "sha512-MVFHyBHhKmKxfp7AbL9AMlKLnRfF2KeocdYAniyu0Fz9uSy4Kb2JjxoJ1wnj4aq4hTkvRhVHfMkIwjV6whO3/w==",
      "bundleDependencies": [
        "jsonschema",
        "semver"
      ],
      "dependencies": {
        "jsonschema": "^1.4.0",
        "semver": "^7.3.5"
      },
      "engines": {
        "node": ">= 14.15.0"
      }
    },
    "node_modules/@aws-cdk/cloud-assembly-schema/node_modules/jsonschema": {
      "version": "1.4.0",
      "inBundle": true,
      "license": "MIT",
      "engines": {
        "node": "*"
      }
    },
    "node_modules/@aws-cdk/cloud-assembly-schema/node_modules/lru-cache": {
      "version": "6.0.0",
      "inBundle": true,
      "license": "ISC",
      "dependencies": {
        "yallist": "^4.0.0"
      },
      "engines": {
        "node": ">=10"
      }
    },
    "node_modules/@aws-cdk/cloud-assembly-schema/node_modules/semver": {
      "version": "7.3.5",
      "inBundle": true,
      "license": "ISC",
      "dependencies": {
        "lru-cache": "^6.0.0"
      },
      "bin": {
        "semver": "bin/semver.js"
      },
      "engines": {
        "node": ">=10"
      }
    },
    "node_modules/@aws-cdk/cloud-assembly-schema/node_modules/yallist": {
      "version": "4.0.0",
      "inBundle": true,
      "license": "ISC"
    },
    "node_modules/@aws-cdk/core": {
      "version": "1.152.0",
      "resolved": "https://registry.npmjs.org/@aws-cdk/core/-/core-1.152.0.tgz",
      "integrity": "sha512-P9BLrD/cFiJ4uxSUp5+Gf/Fc/IAn8Vhp3QCMcFsD3gB2JrUnxuloHwBzu1zdZVa2k2QdLBTHor1YNFFjs3zdLQ==",
      "bundleDependencies": [
        "fs-extra",
        "minimatch",
        "@balena/dockerignore",
        "ignore"
      ],
      "dependencies": {
        "@aws-cdk/cloud-assembly-schema": "1.152.0",
        "@aws-cdk/cx-api": "1.152.0",
        "@aws-cdk/region-info": "1.152.0",
        "@balena/dockerignore": "^1.0.2",
        "constructs": "^3.3.69",
        "fs-extra": "^9.1.0",
        "ignore": "^5.2.0",
        "minimatch": "^3.1.2"
      },
      "engines": {
        "node": ">= 10.13.0 <13 || >=13.7.0"
      },
      "peerDependencies": {
        "@aws-cdk/cloud-assembly-schema": "1.152.0",
        "@aws-cdk/cx-api": "1.152.0",
        "@aws-cdk/region-info": "1.152.0",
        "constructs": "^3.3.69"
      }
    },
    "node_modules/@aws-cdk/core/node_modules/@aws-cdk/cloud-assembly-schema": {
      "version": "1.152.0",
      "resolved": "https://registry.npmjs.org/@aws-cdk/cloud-assembly-schema/-/cloud-assembly-schema-1.152.0.tgz",
      "integrity": "sha512-DEb+760eRhTGsclAaLqWJijMPsl789/JR54qP83RHEkj4tYxy5s6LMIfCMLAvLTjAR23lzk+7/0OvHNwUHiMYw==",
      "bundleDependencies": [
        "jsonschema",
        "semver"
      ],
      "dependencies": {
        "jsonschema": "^1.4.0",
        "semver": "^7.3.5"
      },
      "engines": {
        "node": ">= 10.13.0 <13 || >=13.7.0"
      }
    },
    "node_modules/@aws-cdk/core/node_modules/@aws-cdk/cloud-assembly-schema/node_modules/jsonschema": {
      "version": "1.4.0",
      "inBundle": true,
      "license": "MIT",
      "engines": {
        "node": "*"
      }
    },
    "node_modules/@aws-cdk/core/node_modules/@aws-cdk/cloud-assembly-schema/node_modules/lru-cache": {
      "version": "6.0.0",
      "inBundle": true,
      "license": "ISC",
      "dependencies": {
        "yallist": "^4.0.0"
      },
      "engines": {
        "node": ">=10"
      }
    },
    "node_modules/@aws-cdk/core/node_modules/@aws-cdk/cloud-assembly-schema/node_modules/semver": {
      "version": "7.3.5",
      "inBundle": true,
      "license": "ISC",
      "dependencies": {
        "lru-cache": "^6.0.0"
      },
      "bin": {
        "semver": "bin/semver.js"
      },
      "engines": {
        "node": ">=10"
      }
    },
    "node_modules/@aws-cdk/core/node_modules/@aws-cdk/cloud-assembly-schema/node_modules/yallist": {
      "version": "4.0.0",
      "inBundle": true,
      "license": "ISC"
    },
    "node_modules/@aws-cdk/core/node_modules/@aws-cdk/cx-api": {
      "version": "1.152.0",
      "resolved": "https://registry.npmjs.org/@aws-cdk/cx-api/-/cx-api-1.152.0.tgz",
      "integrity": "sha512-v6oMPMUEZrg+hEB5rVlYlWugwHKVNsBWzvT+1Hl7h6SyadTSh08wby4uyzGk/mxWusk4NwW1FMaIYtsG5BNF4A==",
      "bundleDependencies": [
        "semver"
      ],
      "dependencies": {
        "@aws-cdk/cloud-assembly-schema": "1.152.0",
        "semver": "^7.3.5"
      },
      "engines": {
        "node": ">= 10.13.0 <13 || >=13.7.0"
      },
      "peerDependencies": {
        "@aws-cdk/cloud-assembly-schema": "1.152.0"
      }
    },
    "node_modules/@aws-cdk/core/node_modules/@aws-cdk/cx-api/node_modules/lru-cache": {
      "version": "6.0.0",
      "inBundle": true,
      "license": "ISC",
      "dependencies": {
        "yallist": "^4.0.0"
      },
      "engines": {
        "node": ">=10"
      }
    },
    "node_modules/@aws-cdk/core/node_modules/@aws-cdk/cx-api/node_modules/semver": {
      "version": "7.3.5",
      "inBundle": true,
      "license": "ISC",
      "dependencies": {
        "lru-cache": "^6.0.0"
      },
      "bin": {
        "semver": "bin/semver.js"
      },
      "engines": {
        "node": ">=10"
      }
    },
    "node_modules/@aws-cdk/core/node_modules/@aws-cdk/cx-api/node_modules/yallist": {
      "version": "4.0.0",
      "inBundle": true,
      "license": "ISC"
    },
    "node_modules/@aws-cdk/core/node_modules/@balena/dockerignore": {
      "version": "1.0.2",
      "inBundle": true,
      "license": "Apache-2.0"
    },
    "node_modules/@aws-cdk/core/node_modules/at-least-node": {
      "version": "1.0.0",
      "inBundle": true,
      "license": "ISC",
      "engines": {
        "node": ">= 4.0.0"
      }
    },
    "node_modules/@aws-cdk/core/node_modules/balanced-match": {
      "version": "1.0.2",
      "inBundle": true,
      "license": "MIT"
    },
    "node_modules/@aws-cdk/core/node_modules/brace-expansion": {
      "version": "1.1.11",
      "inBundle": true,
      "license": "MIT",
      "dependencies": {
        "balanced-match": "^1.0.0",
        "concat-map": "0.0.1"
      }
    },
    "node_modules/@aws-cdk/core/node_modules/concat-map": {
      "version": "0.0.1",
      "inBundle": true,
      "license": "MIT"
    },
    "node_modules/@aws-cdk/core/node_modules/fs-extra": {
      "version": "9.1.0",
      "inBundle": true,
      "license": "MIT",
      "dependencies": {
        "at-least-node": "^1.0.0",
        "graceful-fs": "^4.2.0",
        "jsonfile": "^6.0.1",
        "universalify": "^2.0.0"
      },
      "engines": {
        "node": ">=10"
      }
    },
    "node_modules/@aws-cdk/core/node_modules/graceful-fs": {
      "version": "4.2.9",
      "inBundle": true,
      "license": "ISC"
    },
    "node_modules/@aws-cdk/core/node_modules/ignore": {
      "version": "5.2.0",
      "inBundle": true,
      "license": "MIT",
      "engines": {
        "node": ">= 4"
      }
    },
    "node_modules/@aws-cdk/core/node_modules/jsonfile": {
      "version": "6.1.0",
      "inBundle": true,
      "license": "MIT",
      "dependencies": {
        "universalify": "^2.0.0"
      },
      "optionalDependencies": {
        "graceful-fs": "^4.1.6"
      }
    },
    "node_modules/@aws-cdk/core/node_modules/minimatch": {
      "version": "3.1.2",
      "inBundle": true,
      "license": "ISC",
      "dependencies": {
        "brace-expansion": "^1.1.7"
      },
      "engines": {
        "node": "*"
      }
    },
    "node_modules/@aws-cdk/core/node_modules/universalify": {
      "version": "2.0.0",
      "inBundle": true,
      "license": "MIT",
      "engines": {
        "node": ">= 10.0.0"
      }
    },
    "node_modules/@aws-cdk/cx-api": {
      "version": "2.20.0",
      "resolved": "https://registry.npmjs.org/@aws-cdk/cx-api/-/cx-api-2.20.0.tgz",
      "integrity": "sha512-Mcpn6wKdx6cqR8TqIHhBbH1tCfHKH0G4vHUpsdYZcjU1m5vs6rSD1efevVxF2xDVx2dUpW0AtSKMPXN88kKbjQ==",
      "bundleDependencies": [
        "semver"
      ],
      "dependencies": {
        "@aws-cdk/cloud-assembly-schema": "2.20.0",
        "semver": "^7.3.5"
      },
      "engines": {
        "node": ">= 14.15.0"
      },
      "peerDependencies": {
        "@aws-cdk/cloud-assembly-schema": "2.20.0"
      }
    },
    "node_modules/@aws-cdk/cx-api/node_modules/lru-cache": {
      "version": "6.0.0",
      "inBundle": true,
      "license": "ISC",
      "dependencies": {
        "yallist": "^4.0.0"
      },
      "engines": {
        "node": ">=10"
      }
    },
    "node_modules/@aws-cdk/cx-api/node_modules/semver": {
      "version": "7.3.5",
      "inBundle": true,
      "license": "ISC",
      "dependencies": {
        "lru-cache": "^6.0.0"
      },
      "bin": {
        "semver": "bin/semver.js"
      },
      "engines": {
        "node": ">=10"
      }
    },
    "node_modules/@aws-cdk/cx-api/node_modules/yallist": {
      "version": "4.0.0",
      "inBundle": true,
      "license": "ISC"
    },
    "node_modules/@aws-cdk/region-info": {
      "version": "1.152.0",
      "resolved": "https://registry.npmjs.org/@aws-cdk/region-info/-/region-info-1.152.0.tgz",
      "integrity": "sha512-LJKb6W9RKJegw25H+RcUvxRyN8yIbez7m9OSvk/HSJZQVllxTyf3427gYgkwSjPvYnzBIuQEuH4lpZs96imh2A==",
      "engines": {
        "node": ">= 10.13.0 <13 || >=13.7.0"
      }
    },
    "node_modules/constructs": {
      "version": "3.3.265",
      "resolved": "https://registry.npmjs.org/constructs/-/constructs-3.3.265.tgz",
      "integrity": "sha512-TibmBFJkvM3J2g6ewHCsW2xVblSQbRNcHa+9uOHMfpKRi/VqPjmISkXaudygVIKUTQHr4ccI6gEGIQyy/ciXyg==",
      "engines": {
        "node": ">= 12.7.0"
      }
    }
  },
  "dependencies": {
    "@aws-cdk/aws-applicationautoscaling": {
      "version": "1.152.0",
      "resolved": "https://registry.npmjs.org/@aws-cdk/aws-applicationautoscaling/-/aws-applicationautoscaling-1.152.0.tgz",
      "integrity": "sha512-u+dCWyE6pLCFc7h3DmUJf7C8+JAcbl65XG56vIxl3meQayJ01SMt2eaEFX9/I6f93V46N41lk0Hgmi+CX5SG8Q==",
      "requires": {
        "@aws-cdk/aws-autoscaling-common": "1.152.0",
        "@aws-cdk/aws-cloudwatch": "1.152.0",
        "@aws-cdk/aws-iam": "1.152.0",
        "@aws-cdk/core": "1.152.0",
        "constructs": "^3.3.69"
      }
    },
    "@aws-cdk/aws-autoscaling-common": {
      "version": "1.152.0",
      "resolved": "https://registry.npmjs.org/@aws-cdk/aws-autoscaling-common/-/aws-autoscaling-common-1.152.0.tgz",
      "integrity": "sha512-19l82uZC2DhoTBJdT8vR9XoO9U8lmOs3X4xFpdA7Sp+3nVEvly0Hkk2L0SZdhBuXfdlxjZ+nxdlsmAS8jzXLGg==",
      "requires": {
        "@aws-cdk/aws-iam": "1.152.0",
        "@aws-cdk/core": "1.152.0",
        "constructs": "^3.3.69"
      }
    },
    "@aws-cdk/aws-cloudwatch": {
      "version": "1.152.0",
      "resolved": "https://registry.npmjs.org/@aws-cdk/aws-cloudwatch/-/aws-cloudwatch-1.152.0.tgz",
      "integrity": "sha512-qMKN2QPV1749/Lhj2cbhFyVoRmRxb6fmNzl/2R6hc62RCEUNHQzfIn0iz78sy1WCl0MaQWun+PBIL13S9hsssw==",
      "requires": {
        "@aws-cdk/aws-iam": "1.152.0",
        "@aws-cdk/core": "1.152.0",
        "constructs": "^3.3.69"
      }
    },
    "@aws-cdk/aws-iam": {
      "version": "1.152.0",
      "resolved": "https://registry.npmjs.org/@aws-cdk/aws-iam/-/aws-iam-1.152.0.tgz",
      "integrity": "sha512-Nwi3DAhWyJE1SDnhYeutio/RnjzfrM5UguSLEeHDg8/r5pIg6297V7y4YhEgqNM3+CRLDu8KyuBXRxZp4ZixpQ==",
      "requires": {
        "@aws-cdk/core": "1.152.0",
        "@aws-cdk/cx-api": "1.152.0",
        "@aws-cdk/region-info": "1.152.0",
        "constructs": "^3.3.69"
      },
      "dependencies": {
        "@aws-cdk/cloud-assembly-schema": {
          "version": "1.152.0",
          "resolved": "https://registry.npmjs.org/@aws-cdk/cloud-assembly-schema/-/cloud-assembly-schema-1.152.0.tgz",
          "integrity": "sha512-DEb+760eRhTGsclAaLqWJijMPsl789/JR54qP83RHEkj4tYxy5s6LMIfCMLAvLTjAR23lzk+7/0OvHNwUHiMYw==",
          "requires": {
            "jsonschema": "^1.4.0",
            "semver": "^7.3.5"
          },
          "dependencies": {
            "jsonschema": {
              "version": "1.4.0",
              "bundled": true
            },
            "lru-cache": {
              "version": "6.0.0",
              "bundled": true,
              "requires": {
                "yallist": "^4.0.0"
              }
            },
            "semver": {
              "version": "7.3.5",
              "bundled": true,
              "requires": {
                "lru-cache": "^6.0.0"
              }
            },
            "yallist": {
              "version": "4.0.0",
              "bundled": true
            }
          }
        },
        "@aws-cdk/cx-api": {
          "version": "1.152.0",
          "resolved": "https://registry.npmjs.org/@aws-cdk/cx-api/-/cx-api-1.152.0.tgz",
          "integrity": "sha512-v6oMPMUEZrg+hEB5rVlYlWugwHKVNsBWzvT+1Hl7h6SyadTSh08wby4uyzGk/mxWusk4NwW1FMaIYtsG5BNF4A==",
          "requires": {
            "@aws-cdk/cloud-assembly-schema": "1.152.0",
            "semver": "^7.3.5"
          },
          "dependencies": {
            "lru-cache": {
              "version": "6.0.0",
              "bundled": true,
              "requires": {
                "yallist": "^4.0.0"
              }
            },
            "semver": {
              "version": "7.3.5",
              "bundled": true,
              "requires": {
                "lru-cache": "^6.0.0"
              }
            },
            "yallist": {
              "version": "4.0.0",
              "bundled": true
            }
          }
        }
      }
    },
    "@aws-cdk/cloud-assembly-schema": {
      "version": "2.20.0",
      "resolved": "https://registry.npmjs.org/@aws-cdk/cloud-assembly-schema/-/cloud-assembly-schema-2.20.0.tgz",
      "integrity": "sha512-MVFHyBHhKmKxfp7AbL9AMlKLnRfF2KeocdYAniyu0Fz9uSy4Kb2JjxoJ1wnj4aq4hTkvRhVHfMkIwjV6whO3/w==",
      "requires": {
        "jsonschema": "^1.4.0",
        "semver": "^7.3.5"
      },
      "dependencies": {
        "jsonschema": {
          "version": "1.4.0",
          "bundled": true
        },
        "lru-cache": {
          "version": "6.0.0",
          "bundled": true,
          "requires": {
            "yallist": "^4.0.0"
          }
        },
        "semver": {
          "version": "7.3.5",
          "bundled": true,
          "requires": {
            "lru-cache": "^6.0.0"
          }
        },
        "yallist": {
          "version": "4.0.0",
          "bundled": true
        }
      }
    },
    "@aws-cdk/core": {
      "version": "1.152.0",
      "resolved": "https://registry.npmjs.org/@aws-cdk/core/-/core-1.152.0.tgz",
      "integrity": "sha512-P9BLrD/cFiJ4uxSUp5+Gf/Fc/IAn8Vhp3QCMcFsD3gB2JrUnxuloHwBzu1zdZVa2k2QdLBTHor1YNFFjs3zdLQ==",
      "requires": {
        "@aws-cdk/cloud-assembly-schema": "1.152.0",
        "@aws-cdk/cx-api": "1.152.0",
        "@aws-cdk/region-info": "1.152.0",
        "@balena/dockerignore": "^1.0.2",
        "constructs": "^3.3.69",
        "fs-extra": "^9.1.0",
        "ignore": "^5.2.0",
        "minimatch": "^3.1.2"
      },
      "dependencies": {
        "@aws-cdk/cloud-assembly-schema": {
          "version": "1.152.0",
          "resolved": "https://registry.npmjs.org/@aws-cdk/cloud-assembly-schema/-/cloud-assembly-schema-1.152.0.tgz",
          "integrity": "sha512-DEb+760eRhTGsclAaLqWJijMPsl789/JR54qP83RHEkj4tYxy5s6LMIfCMLAvLTjAR23lzk+7/0OvHNwUHiMYw==",
          "requires": {
            "jsonschema": "^1.4.0",
            "semver": "^7.3.5"
          },
          "dependencies": {
            "jsonschema": {
              "version": "1.4.0",
              "bundled": true
            },
            "lru-cache": {
              "version": "6.0.0",
              "bundled": true,
              "requires": {
                "yallist": "^4.0.0"
              }
            },
            "semver": {
              "version": "7.3.5",
              "bundled": true,
              "requires": {
                "lru-cache": "^6.0.0"
              }
            },
            "yallist": {
              "version": "4.0.0",
              "bundled": true
            }
          }
        },
        "@aws-cdk/cx-api": {
          "version": "1.152.0",
          "resolved": "https://registry.npmjs.org/@aws-cdk/cx-api/-/cx-api-1.152.0.tgz",
          "integrity": "sha512-v6oMPMUEZrg+hEB5rVlYlWugwHKVNsBWzvT+1Hl7h6SyadTSh08wby4uyzGk/mxWusk4NwW1FMaIYtsG5BNF4A==",
          "requires": {
            "@aws-cdk/cloud-assembly-schema": "1.152.0",
            "semver": "^7.3.5"
          },
          "dependencies": {
            "lru-cache": {
              "version": "6.0.0",
              "bundled": true,
              "requires": {
                "yallist": "^4.0.0"
              }
            },
            "semver": {
              "version": "7.3.5",
              "bundled": true,
              "requires": {
                "lru-cache": "^6.0.0"
              }
            },
            "yallist": {
              "version": "4.0.0",
              "bundled": true
            }
          }
        },
        "@balena/dockerignore": {
          "version": "1.0.2",
          "bundled": true
        },
        "at-least-node": {
          "version": "1.0.0",
          "bundled": true
        },
        "balanced-match": {
          "version": "1.0.2",
          "bundled": true
        },
        "brace-expansion": {
          "version": "1.1.11",
          "bundled": true,
          "requires": {
            "balanced-match": "^1.0.0",
            "concat-map": "0.0.1"
          }
        },
        "concat-map": {
          "version": "0.0.1",
          "bundled": true
        },
        "fs-extra": {
          "version": "9.1.0",
          "bundled": true,
          "requires": {
            "at-least-node": "^1.0.0",
            "graceful-fs": "^4.2.0",
            "jsonfile": "^6.0.1",
            "universalify": "^2.0.0"
          }
        },
        "graceful-fs": {
          "version": "4.2.9",
          "bundled": true
        },
        "ignore": {
          "version": "5.2.0",
          "bundled": true
        },
        "jsonfile": {
          "version": "6.1.0",
          "bundled": true,
          "requires": {
            "graceful-fs": "^4.1.6",
            "universalify": "^2.0.0"
          }
        },
        "minimatch": {
          "version": "3.1.2",
          "bundled": true,
          "requires": {
            "brace-expansion": "^1.1.7"
          }
        },
        "universalify": {
          "version": "2.0.0",
          "bundled": true
        }
      }
    },
    "@aws-cdk/cx-api": {
      "version": "2.20.0",
      "resolved": "https://registry.npmjs.org/@aws-cdk/cx-api/-/cx-api-2.20.0.tgz",
      "integrity": "sha512-Mcpn6wKdx6cqR8TqIHhBbH1tCfHKH0G4vHUpsdYZcjU1m5vs6rSD1efevVxF2xDVx2dUpW0AtSKMPXN88kKbjQ==",
      "requires": {
        "@aws-cdk/cloud-assembly-schema": "2.20.0",
        "semver": "^7.3.5"
      },
      "dependencies": {
        "lru-cache": {
          "version": "6.0.0",
          "bundled": true,
          "requires": {
            "yallist": "^4.0.0"
          }
        },
        "semver": {
          "version": "7.3.5",
          "bundled": true,
          "requires": {
            "lru-cache": "^6.0.0"
          }
        },
        "yallist": {
          "version": "4.0.0",
          "bundled": true
        }
      }
    },
    "@aws-cdk/region-info": {
      "version": "1.152.0",
      "resolved": "https://registry.npmjs.org/@aws-cdk/region-info/-/region-info-1.152.0.tgz",
      "integrity": "sha512-LJKb6W9RKJegw25H+RcUvxRyN8yIbez7m9OSvk/HSJZQVllxTyf3427gYgkwSjPvYnzBIuQEuH4lpZs96imh2A=="
    },
    "constructs": {
      "version": "3.3.265",
      "resolved": "https://registry.npmjs.org/constructs/-/constructs-3.3.265.tgz",
      "integrity": "sha512-TibmBFJkvM3J2g6ewHCsW2xVblSQbRNcHa+9uOHMfpKRi/VqPjmISkXaudygVIKUTQHr4ccI6gEGIQyy/ciXyg=="
    }
  }
}
