{
  "name": "cloud-6-repo-NederLANA",
  "lockfileVersion": 2,
  "requires": true,
  "packages": {
    "": {
      "dependencies": {
        "@aws-cdk/cx-api": "^2.20.0"
      }
    },
    "node_modules/@aws-cdk/cloud-assembly-schema": {
      "version": "2.20.0",
      "resolved": "https://registry.npmjs.org/@aws-cdk/cloud-assembly-schema/-/cloud-assembly-schema-2.20.0.tgz",
      "integrity": "sha512-MVFHyBHhKmKxfp7AbL9AMlKLnRfF2KeocdYAniyu0Fz9uSy4Kb2JjxoJ1wnj4aq4hTkvRhVHfMkIwjV6whO3/w==",
      "bundleDependencies": [
        "jsonschema",
        "semver"
      ],
      "dependencies": {
        "jsonschema": "^1.4.0",
        "semver": "^7.3.5"
      },
      "engines": {
        "node": ">= 14.15.0"
      }
    },
    "node_modules/@aws-cdk/cloud-assembly-schema/node_modules/jsonschema": {
      "version": "1.4.0",
      "inBundle": true,
      "license": "MIT",
      "engines": {
        "node": "*"
      }
    },
    "node_modules/@aws-cdk/cloud-assembly-schema/node_modules/lru-cache": {
      "version": "6.0.0",
      "inBundle": true,
      "license": "ISC",
      "dependencies": {
        "yallist": "^4.0.0"
      },
      "engines": {
        "node": ">=10"
      }
    },
    "node_modules/@aws-cdk/cloud-assembly-schema/node_modules/semver": {
      "version": "7.3.5",
      "inBundle": true,
      "license": "ISC",
      "dependencies": {
        "lru-cache": "^6.0.0"
      },
      "bin": {
        "semver": "bin/semver.js"
      },
      "engines": {
        "node": ">=10"
      }
    },
    "node_modules/@aws-cdk/cloud-assembly-schema/node_modules/yallist": {
      "version": "4.0.0",
      "inBundle": true,
      "license": "ISC"
    },
    "node_modules/@aws-cdk/cx-api": {
      "version": "2.20.0",
      "resolved": "https://registry.npmjs.org/@aws-cdk/cx-api/-/cx-api-2.20.0.tgz",
      "integrity": "sha512-Mcpn6wKdx6cqR8TqIHhBbH1tCfHKH0G4vHUpsdYZcjU1m5vs6rSD1efevVxF2xDVx2dUpW0AtSKMPXN88kKbjQ==",
      "bundleDependencies": [
        "semver"
      ],
      "dependencies": {
        "@aws-cdk/cloud-assembly-schema": "2.20.0",
        "semver": "^7.3.5"
      },
      "engines": {
        "node": ">= 14.15.0"
      },
      "peerDependencies": {
        "@aws-cdk/cloud-assembly-schema": "2.20.0"
      }
    },
    "node_modules/@aws-cdk/cx-api/node_modules/lru-cache": {
      "version": "6.0.0",
      "inBundle": true,
      "license": "ISC",
      "dependencies": {
        "yallist": "^4.0.0"
      },
      "engines": {
        "node": ">=10"
      }
    },
    "node_modules/@aws-cdk/cx-api/node_modules/semver": {
      "version": "7.3.5",
      "inBundle": true,
      "license": "ISC",
      "dependencies": {
        "lru-cache": "^6.0.0"
      },
      "bin": {
        "semver": "bin/semver.js"
      },
      "engines": {
        "node": ">=10"
      }
    },
    "node_modules/@aws-cdk/cx-api/node_modules/yallist": {
      "version": "4.0.0",
      "inBundle": true,
      "license": "ISC"
    }
  },
  "dependencies": {
    "@aws-cdk/cloud-assembly-schema": {
      "version": "2.20.0",
      "resolved": "https://registry.npmjs.org/@aws-cdk/cloud-assembly-schema/-/cloud-assembly-schema-2.20.0.tgz",
      "integrity": "sha512-MVFHyBHhKmKxfp7AbL9AMlKLnRfF2KeocdYAniyu0Fz9uSy4Kb2JjxoJ1wnj4aq4hTkvRhVHfMkIwjV6whO3/w==",
      "requires": {
        "jsonschema": "^1.4.0",
        "semver": "^7.3.5"
      },
      "dependencies": {
        "jsonschema": {
          "version": "1.4.0",
          "bundled": true
        },
        "lru-cache": {
          "version": "6.0.0",
          "bundled": true,
          "requires": {
            "yallist": "^4.0.0"
          }
        },
        "semver": {
          "version": "7.3.5",
          "bundled": true,
          "requires": {
            "lru-cache": "^6.0.0"
          }
        },
        "yallist": {
          "version": "4.0.0",
          "bundled": true
        }
      }
    },
    "@aws-cdk/cx-api": {
      "version": "2.20.0",
      "resolved": "https://registry.npmjs.org/@aws-cdk/cx-api/-/cx-api-2.20.0.tgz",
      "integrity": "sha512-Mcpn6wKdx6cqR8TqIHhBbH1tCfHKH0G4vHUpsdYZcjU1m5vs6rSD1efevVxF2xDVx2dUpW0AtSKMPXN88kKbjQ==",
      "requires": {
        "@aws-cdk/cloud-assembly-schema": "2.20.0",
        "semver": "^7.3.5"
      },
      "dependencies": {
        "lru-cache": {
          "version": "6.0.0",
          "bundled": true,
          "requires": {
            "yallist": "^4.0.0"
          }
        },
        "semver": {
          "version": "7.3.5",
          "bundled": true,
          "requires": {
            "lru-cache": "^6.0.0"
          }
        },
        "yallist": {
          "version": "4.0.0",
          "bundled": true
        }
      }
    }
  }
}
